
Microsoft Visual Studio Solution File, Format Version 12.00
# Visual Studio Version 16
VisualStudioVersion = 16.0.30804.86
MinimumVisualStudioVersion = 10.0.40219.1
Project("{FAE04EC0-301F-11D3-BF4B-00C04F79EFBC}") = "TelegramBotTest", "TelegramBotTest\TelegramBotTest.csproj", "{7FB702F1-47BE-4D5F-A617-083F98224261}"
EndProject
Global
	GlobalSection(SolutionConfigurationPlatforms) = preSolution
		Debug|Any CPU = Debug|Any CPU
		Release|Any CPU = Release|Any CPU
	EndGlobalSection
	GlobalSection(ProjectConfigurationPlatforms) = postSolution
		{7FB702F1-47BE-4D5F-A617-083F98224261}.Debug|Any CPU.ActiveCfg = Debug|Any CPU
		{7FB702F1-47BE-4D5F-A617-083F98224261}.Debug|Any CPU.Build.0 = Debug|Any CPU
		{7FB702F1-47BE-4D5F-A617-083F98224261}.Release|Any CPU.ActiveCfg = Release|Any CPU
		{7FB702F1-47BE-4D5F-A617-083F98224261}.Release|Any CPU.Build.0 = Release|Any CPU
	EndGlobalSection
	GlobalSection(SolutionProperties) = preSolution
		HideSolutionNode = FALSE
	EndGlobalSection
	GlobalSection(ExtensibilityGlobals) = postSolution
		SolutionGuid = {F50E8238-9672-4129-8FDE-297F5FAB9EAD}
	EndGlobalSection
EndGlobal
